// !$*UTF8*$!
{
	archiveVersion = 1;
	classes = {
	};
	objectVersion = 50;
	objects = {

/* Begin PBXBuildFile section */
		AA66C215237C57140012E7C2 /* AppDelegate.swift in Sources */ = {isa = PBXBuildFile; fileRef = AA66C214237C57140012E7C2 /* AppDelegate.swift */; };
		AA66C217237C57140012E7C2 /* SceneDelegate.swift in Sources */ = {isa = PBXBuildFile; fileRef = AA66C216237C57140012E7C2 /* SceneDelegate.swift */; };
		AA66C21C237C57140012E7C2 /* Main.storyboard in Resources */ = {isa = PBXBuildFile; fileRef = AA66C21A237C57140012E7C2 /* Main.storyboard */; };
		AA66C21E237C571A0012E7C2 /* Assets.xcassets in Resources */ = {isa = PBXBuildFile; fileRef = AA66C21D237C571A0012E7C2 /* Assets.xcassets */; };
		AA66C221237C571A0012E7C2 /* LaunchScreen.storyboard in Resources */ = {isa = PBXBuildFile; fileRef = AA66C21F237C571A0012E7C2 /* LaunchScreen.storyboard */; };
		AA66C229237C59D50012E7C2 /* TasksTableViewController.swift in Sources */ = {isa = PBXBuildFile; fileRef = AA66C228237C59D50012E7C2 /* TasksTableViewController.swift */; };
		AA66C22D237C5D720012E7C2 /* Task.swift in Sources */ = {isa = PBXBuildFile; fileRef = AA66C22C237C5D720012E7C2 /* Task.swift */; };
		AA66C22F237D88D70012E7C2 /* TaskCaretaker.swift in Sources */ = {isa = PBXBuildFile; fileRef = AA66C22E237D88D70012E7C2 /* TaskCaretaker.swift */; };
/* End PBXBuildFile section */

/* Begin PBXFileReference section */
		AA66C211237C57140012E7C2 /* TasksApp.app */ = {isa = PBXFileReference; explicitFileType = wrapper.application; includeInIndex = 0; path = TasksApp.app; sourceTree = BUILT_PRODUCTS_DIR; };
		AA66C214237C57140012E7C2 /* AppDelegate.swift */ = {isa = PBXFileReference; lastKnownFileType = sourcecode.swift; path = AppDelegate.swift; sourceTree = "<group>"; };
		AA66C216237C57140012E7C2 /* SceneDelegate.swift */ = {isa = PBXFileReference; lastKnownFileType = sourcecode.swift; path = SceneDelegate.swift; sourceTree = "<group>"; };
		AA66C21B237C57140012E7C2 /* Base */ = {isa = PBXFileReference; lastKnownFileType = file.storyboard; name = Base; path = Base.lproj/Main.storyboard; sourceTree = "<group>"; };
		AA66C21D237C571A0012E7C2 /* Assets.xcassets */ = {isa = PBXFileReference; lastKnownFileType = folder.assetcatalog; path = Assets.xcassets; sourceTree = "<group>"; };
		AA66C220237C571A0012E7C2 /* Base */ = {isa = PBXFileReference; lastKnownFileType = file.storyboard; name = Base; path = Base.lproj/LaunchScreen.storyboard; sourceTree = "<group>"; };
		AA66C222237C571A0012E7C2 /* Info.plist */ = {isa = PBXFileReference; lastKnownFileType = text.plist.xml; path = Info.plist; sourceTree = "<group>"; };
		AA66C228237C59D50012E7C2 /* TasksTableViewController.swift */ = {isa = PBXFileReference; lastKnownFileType = sourcecode.swift; path = TasksTableViewController.swift; sourceTree = "<group>"; };
		AA66C22C237C5D720012E7C2 /* Task.swift */ = {isa = PBXFileReference; lastKnownFileType = sourcecode.swift; path = Task.swift; sourceTree = "<group>"; };
		AA66C22E237D88D70012E7C2 /* TaskCaretaker.swift */ = {isa = PBXFileReference; lastKnownFileType = sourcecode.swift; path = TaskCaretaker.swift; sourceTree = "<group>"; };
/* End PBXFileReference section */

/* Begin PBXFrameworksBuildPhase section */
		AA66C20E237C57140012E7C2 /* Frameworks */ = {
			isa = PBXFrameworksBuildPhase;
			buildActionMask = 2147483647;
			files = (
			);
			runOnlyForDeploymentPostprocessing = 0;
		};
/* End PBXFrameworksBuildPhase section */

/* Begin PBXGroup section */
		AA66C208237C57140012E7C2 = {
			isa = PBXGroup;
			children = (
				AA66C213237C57140012E7C2 /* TasksApp */,
				AA66C212237C57140012E7C2 /* Products */,
			);
			sourceTree = "<group>";
		};
		AA66C212237C57140012E7C2 /* Products */ = {
			isa = PBXGroup;
			children = (
				AA66C211237C57140012E7C2 /* TasksApp.app */,
			);
			name = Products;
			sourceTree = "<group>";
		};
		AA66C213237C57140012E7C2 /* TasksApp */ = {
			isa = PBXGroup;
			children = (
				AA66C22B237C5D5E0012E7C2 /* Models */,
				AA66C22A237C5D490012E7C2 /* ViewControllers */,
				AA66C214237C57140012E7C2 /* AppDelegate.swift */,
				AA66C216237C57140012E7C2 /* SceneDelegate.swift */,
				AA66C21A237C57140012E7C2 /* Main.storyboard */,
				AA66C21D237C571A0012E7C2 /* Assets.xcassets */,
				AA66C21F237C571A0012E7C2 /* LaunchScreen.storyboard */,
				AA66C222237C571A0012E7C2 /* Info.plist */,
			);
			path = TasksApp;
			sourceTree = "<group>";
		};
		AA66C22A237C5D490012E7C2 /* ViewControllers */ = {
			isa = PBXGroup;
			children = (
				AA66C228237C59D50012E7C2 /* TasksTableViewController.swift */,
			);
			path = ViewControllers;
			sourceTree = "<group>";
		};
		AA66C22B237C5D5E0012E7C2 /* Models */ = {
			isa = PBXGroup;
			children = (
				AA66C22C237C5D720012E7C2 /* Task.swift */,
				AA66C22E237D88D70012E7C2 /* TaskCaretaker.swift */,
			);
			path = Models;
			sourceTree = "<group>";
		};
/* End PBXGroup section */

/* Begin PBXNativeTarget section */
		AA66C210237C57140012E7C2 /* TasksApp */ = {
			isa = PBXNativeTarget;
			buildConfigurationList = AA66C225237C571A0012E7C2 /* Build configuration list for PBXNativeTarget "TasksApp" */;
			buildPhases = (
				AA66C20D237C57140012E7C2 /* Sources */,
				AA66C20E237C57140012E7C2 /* Frameworks */,
				AA66C20F237C57140012E7C2 /* Resources */,
			);
			buildRules = (
			);
			dependencies = (
			);
			name = TasksApp;
			productName = TasksApp;
			productReference = AA66C211237C57140012E7C2 /* TasksApp.app */;
			productType = "com.apple.product-type.application";
		};
/* End PBXNativeTarget section */

/* Begin PBXProject section */
		AA66C209237C57140012E7C2 /* Project object */ = {
			isa = PBXProject;
			attributes = {
				LastSwiftUpdateCheck = 1120;
				LastUpgradeCheck = 1120;
				ORGANIZATIONNAME = Iv;
				TargetAttributes = {
					AA66C210237C57140012E7C2 = {
						CreatedOnToolsVersion = 11.2;
					};
				};
			};
			buildConfigurationList = AA66C20C237C57140012E7C2 /* Build configuration list for PBXProject "TasksApp" */;
			compatibilityVersion = "Xcode 9.3";
			developmentRegion = en;
			hasScannedForEncodings = 0;
			knownRegions = (
				en,
				Base,
			);
			mainGroup = AA66C208237C57140012E7C2;
			productRefGroup = AA66C212237C57140012E7C2 /* Products */;
			projectDirPath = "";
			projectRoot = "";
			targets = (
				AA66C210237C57140012E7C2 /* TasksApp */,
			);
		};
/* End PBXProject section */

/* Begin PBXResourcesBuildPhase section */
		AA66C20F237C57140012E7C2 /* Resources */ = {
			isa = PBXResourcesBuildPhase;
			buildActionMask = 2147483647;
			files = (
				AA66C221237C571A0012E7C2 /* LaunchScreen.storyboard in Resources */,
				AA66C21E237C571A0012E7C2 /* Assets.xcassets in Resources */,
				AA66C21C237C57140012E7C2 /* Main.storyboard in Resources */,
			);
			runOnlyForDeploymentPostprocessing = 0;
		};
/* End PBXResourcesBuildPhase section */

/* Begin PBXSourcesBuildPhase section */
		AA66C20D237C57140012E7C2 /* Sources */ = {
			isa = PBXSourcesBuildPhase;
			buildActionMask = 2147483647;
			files = (
				AA66C22D237C5D720012E7C2 /* Task.swift in Sources */,
				AA66C215237C57140012E7C2 /* AppDelegate.swift in Sources */,
				AA66C22F237D88D70012E7C2 /* TaskCaretaker.swift in Sources */,
				AA66C229237C59D50012E7C2 /* TasksTableViewController.swift in Sources */,
				AA66C217237C57140012E7C2 /* SceneDelegate.swift in Sources */,
			);
			runOnlyForDeploymentPostprocessing = 0;
		};
/* End PBXSourcesBuildPhase section */

/* Begin PBXVariantGroup section */
		AA66C21A237C57140012E7C2 /* Main.storyboard */ = {
			isa = PBXVariantGroup;
			children = (
				AA66C21B237C57140012E7C2 /* Base */,
			);
			name = Main.storyboard;
			sourceTree = "<group>";
		};
		AA66C21F237C571A0012E7C2 /* LaunchScreen.storyboard */ = {
			isa = PBXVariantGroup;
			children = (
				AA66C220237C571A0012E7C2 /* Base */,
			);
			name = LaunchScreen.storyboard;
			sourceTree = "<group>";
		};
/* End PBXVariantGroup section */

/* Begin XCBuildConfiguration section */
		AA66C223237C571A0012E7C2 /* Debug */ = {
			isa = XCBuildConfiguration;
			buildSettings = {
				ALWAYS_SEARCH_USER_PATHS = NO;
				CLANG_ANALYZER_NONNULL = YES;
				CLANG_ANALYZER_NUMBER_OBJECT_CONVERSION = YES_AGGRESSIVE;
				CLANG_CXX_LANGUAGE_STANDARD = "gnu++14";
				CLANG_CXX_LIBRARY = "libc++";
				CLANG_ENABLE_MODULES = YES;
				CLANG_ENABLE_OBJC_ARC = YES;
				CLANG_ENABLE_OBJC_WEAK = YES;
				CLANG_WARN_BLOCK_CAPTURE_AUTORELEASING = YES;
				CLANG_WARN_BOOL_CONVERSION = YES;
				CLANG_WARN_COMMA = YES;
				CLANG_WARN_CONSTANT_CONVERSION = YES;
				CLANG_WARN_DEPRECATED_OBJC_IMPLEMENTATIONS = YES;
				CLANG_WARN_DIRECT_OBJC_ISA_USAGE = YES_ERROR;
				CLANG_WARN_DOCUMENTATION_COMMENTS = YES;
				CLANG_WARN_EMPTY_BODY = YES;
				CLANG_WARN_ENUM_CONVERSION = YES;
				CLANG_WARN_INFINITE_RECURSION = YES;
				CLANG_WARN_INT_CONVERSION = YES;
				CLANG_WARN_NON_LITERAL_NULL_CONVERSION = YES;
				CLANG_WARN_OBJC_IMPLICIT_RETAIN_SELF = YES;
				CLANG_WARN_OBJC_LITERAL_CONVERSION = YES;
				CLANG_WARN_OBJC_ROOT_CLASS = YES_ERROR;
				CLANG_WARN_RANGE_LOOP_ANALYSIS = YES;
				CLANG_WARN_STRICT_PROTOTYPES = YES;
				CLANG_WARN_SUSPICIOUS_MOVE = YES;
				CLANG_WARN_UNGUARDED_AVAILABILITY = YES_AGGRESSIVE;
				CLANG_WARN_UNREACHABLE_CODE = YES;
				CLANG_WARN__DUPLICATE_METHOD_MATCH = YES;
				COPY_PHASE_STRIP = NO;
				DEBUG_INFORMATION_FORMAT = dwarf;
				ENABLE_STRICT_OBJC_MSGSEND = YES;
				ENABLE_TESTABILITY = YES;
				GCC_C_LANGUAGE_STANDARD = gnu11;
				GCC_DYNAMIC_NO_PIC = NO;
				GCC_NO_COMMON_BLOCKS = YES;
				GCC_OPTIMIZATION_LEVEL = 0;
				GCC_PREPROCESSOR_DEFINITIONS = (
					"DEBUG=1",
					"$(inherited)",
				);
				GCC_WARN_64_TO_32_BIT_CONVERSION = YES;
				GCC_WARN_ABOUT_RETURN_TYPE = YES_ERROR;
				GCC_WARN_UNDECLARED_SELECTOR = YES;
				GCC_WARN_UNINITIALIZED_AUTOS = YES_AGGRESSIVE;
				GCC_WARN_UNUSED_FUNCTION = YES;
				GCC_WARN_UNUSED_VARIABLE = YES;
				IPHONEOS_DEPLOYMENT_TARGET = 13.2;
				MTL_ENABLE_DEBUG_INFO = INCLUDE_SOURCE;
				MTL_FAST_MATH = YES;
				ONLY_ACTIVE_ARCH = YES;
				SDKROOT = iphoneos;
				SWIFT_ACTIVE_COMPILATION_CONDITIONS = DEBUG;
				SWIFT_OPTIMIZATION_LEVEL = "-Onone";
			};
			name = Debug;
		};
		AA66C224237C571A0012E7C2 /* Release */ = {
			isa = XCBuildConfiguration;
			buildSettings = {
				ALWAYS_SEARCH_USER_PATHS = NO;
				CLANG_ANALYZER_NONNULL = YES;
				CLANG_ANALYZER_NUMBER_OBJECT_CONVERSION = YES_AGGRESSIVE;
				CLANG_CXX_LANGUAGE_STANDARD = "gnu++14";
				CLANG_CXX_LIBRARY = "libc++";
				CLANG_ENABLE_MODULES = YES;
				CLANG_ENABLE_OBJC_ARC = YES;
				CLANG_ENABLE_OBJC_WEAK = YES;
				CLANG_WARN_BLOCK_CAPTURE_AUTORELEASING = YES;
				CLANG_WARN_BOOL_CONVERSION = YES;
				CLANG_WARN_COMMA = YES;
				CLANG_WARN_CONSTANT_CONVERSION = YES;
				CLANG_WARN_DEPRECATED_OBJC_IMPLEMENTATIONS = YES;
				CLANG_WARN_DIRECT_OBJC_ISA_USAGE = YES_ERROR;
				CLANG_WARN_DOCUMENTATION_COMMENTS = YES;
				CLANG_WARN_EMPTY_BODY = YES;
				CLANG_WARN_ENUM_CONVERSION = YES;
				CLANG_WARN_INFINITE_RECURSION = YES;
				CLANG_WARN_INT_CONVERSION = YES;
				CLANG_WARN_NON_LITERAL_NULL_CONVERSION = YES;
				CLANG_WARN_OBJC_IMPLICIT_RETAIN_SELF = YES;
				CLANG_WARN_OBJC_LITERAL_CONVERSION = YES;
				CLANG_WARN_OBJC_ROOT_CLASS = YES_ERROR;
				CLANG_WARN_RANGE_LOOP_ANALYSIS = YES;
				CLANG_WARN_STRICT_PROTOTYPES = YES;
				CLANG_WARN_SUSPICIOUS_MOVE = YES;
				CLANG_WARN_UNGUARDED_AVAILABILITY = YES_AGGRESSIVE;
				CLANG_WARN_UNREACHABLE_CODE = YES;
				CLANG_WARN__DUPLICATE_METHOD_MATCH = YES;
				COPY_PHASE_STRIP = NO;
				DEBUG_INFORMATION_FORMAT = "dwarf-with-dsym";
				ENABLE_NS_ASSERTIONS = NO;
				ENABLE_STRICT_OBJC_MSGSEND = YES;
				GCC_C_LANGUAGE_STANDARD = gnu11;
				GCC_NO_COMMON_BLOCKS = YES;
				GCC_WARN_64_TO_32_BIT_CONVERSION = YES;
				GCC_WARN_ABOUT_RETURN_TYPE = YES_ERROR;
				GCC_WARN_UNDECLARED_SELECTOR = YES;
				GCC_WARN_UNINITIALIZED_AUTOS = YES_AGGRESSIVE;
				GCC_WARN_UNUSED_FUNCTION = YES;
				GCC_WARN_UNUSED_VARIABLE = YES;
				IPHONEOS_DEPLOYMENT_TARGET = 13.2;
				MTL_ENABLE_DEBUG_INFO = NO;
				MTL_FAST_MATH = YES;
				SDKROOT = iphoneos;
				SWIFT_COMPILATION_MODE = wholemodule;
				SWIFT_OPTIMIZATION_LEVEL = "-O";
				VALIDATE_PRODUCT = YES;
			};
			name = Release;
		};
		AA66C226237C571A0012E7C2 /* Debug */ = {
			isa = XCBuildConfiguration;
			buildSettings = {
				ASSETCATALOG_COMPILER_APPICON_NAME = AppIcon;
				CODE_SIGN_STYLE = Automatic;
				DEVELOPMENT_TEAM = 77ZCAQB7LG;
				INFOPLIST_FILE = TasksApp/Info.plist;
				IPHONEOS_DEPLOYMENT_TARGET = 12.0;
				LD_RUNPATH_SEARCH_PATHS = (
					"$(inherited)",
					"@executable_path/Frameworks",
				);
				PRODUCT_BUNDLE_IDENTIFIER = Iv.TasksApp;
				PRODUCT_NAME = "$(TARGET_NAME)";
				SWIFT_VERSION = 5.0;
				TARGETED_DEVICE_FAMILY = "1,2";
			};
			name = Debug;
		};
		AA66C227237C571A0012E7C2 /* Release */ = {
			isa = XCBuildConfiguration;
			buildSettings = {
				ASSETCATALOG_COMPILER_APPICON_NAME = AppIcon;
				CODE_SIGN_STYLE = Automatic;
				DEVELOPMENT_TEAM = 77ZCAQB7LG;
				INFOPLIST_FILE = TasksApp/Info.plist;
				IPHONEOS_DEPLOYMENT_TARGET = 12.0;
				LD_RUNPATH_SEARCH_PATHS = (
					"$(inherited)",
					"@executable_path/Frameworks",
				);
				PRODUCT_BUNDLE_IDENTIFIER = Iv.TasksApp;
				PRODUCT_NAME = "$(TARGET_NAME)";
				SWIFT_VERSION = 5.0;
				TARGETED_DEVICE_FAMILY = "1,2";
			};
			name = Release;
		};
/* End XCBuildConfiguration section */

/* Begin XCConfigurationList section */
		AA66C20C237C57140012E7C2 /* Build configuration list for PBXProject "TasksApp" */ = {
			isa = XCConfigurationList;
			buildConfigurations = (
				AA66C223237C571A0012E7C2 /* Debug */,
				AA66C224237C571A0012E7C2 /* Release */,
			);
			defaultConfigurationIsVisible = 0;
			defaultConfigurationName = Release;
		};
		AA66C225237C571A0012E7C2 /* Build configuration list for PBXNativeTarget "TasksApp" */ = {
			isa = XCConfigurationList;
			buildConfigurations = (
				AA66C226237C571A0012E7C2 /* Debug */,
				AA66C227237C571A0012E7C2 /* Release */,
			);
			defaultConfigurationIsVisible = 0;
			defaultConfigurationName = Release;
		};
/* End XCConfigurationList section */
	};
	rootObject = AA66C209237C57140012E7C2 /* Project object */;
}
